// !$*UTF8*$!
{
	archiveVersion = 1;
	classes = {
	};
	objectVersion = 46;
	objects = {

/* Begin PBXBuildFile section */
		2A5CBC612DFF1BB109B43060 /* Pods_Deeno.framework in Frameworks */ = {isa = PBXBuildFile; fileRef = 951400DB2BA40B6FE3891C10 /* Pods_Deeno.framework */; };
		311023661DE9B088001E90F0 /* WelcomeViewController.swift in Sources */ = {isa = PBXBuildFile; fileRef = 311023651DE9B088001E90F0 /* WelcomeViewController.swift */; };
		311023681DE9B0EE001E90F0 /* RegisterViewController.swift in Sources */ = {isa = PBXBuildFile; fileRef = 311023671DE9B0EE001E90F0 /* RegisterViewController.swift */; };
		3162D2591DE7507A007D31D5 /* GoogleService-Info.plist in Resources */ = {isa = PBXBuildFile; fileRef = 3162D2581DE7507A007D31D5 /* GoogleService-Info.plist */; };
		3166AE191DEDE92E00BFA776 /* TextField.swift in Sources */ = {isa = PBXBuildFile; fileRef = 3166AE181DEDE92E00BFA776 /* TextField.swift */; };
		3166AE1B1DEDEF7B00BFA776 /* SearchPlacesViewController.swift in Sources */ = {isa = PBXBuildFile; fileRef = 3166AE1A1DEDEF7B00BFA776 /* SearchPlacesViewController.swift */; };
		3166AE1D1DEDF83700BFA776 /* String+D.swift in Sources */ = {isa = PBXBuildFile; fileRef = 3166AE1C1DEDF83700BFA776 /* String+D.swift */; };
		3166AE1F1DEDFB8000BFA776 /* AbstractTableViewCell.swift in Sources */ = {isa = PBXBuildFile; fileRef = 3166AE1E1DEDFB8000BFA776 /* AbstractTableViewCell.swift */; };
		3166AE211DEDFBD900BFA776 /* RidesTableViewCell.swift in Sources */ = {isa = PBXBuildFile; fileRef = 3166AE201DEDFBD900BFA776 /* RidesTableViewCell.swift */; };
		31762FFF1DE4B69300A58A77 /* AppDelegate.swift in Sources */ = {isa = PBXBuildFile; fileRef = 31762FFE1DE4B69300A58A77 /* AppDelegate.swift */; };
		317630171DE4B69300A58A77 /* DeenoTests.swift in Sources */ = {isa = PBXBuildFile; fileRef = 317630161DE4B69300A58A77 /* DeenoTests.swift */; };
		317630361DE4B8D900A58A77 /* Media.xcassets in Resources */ = {isa = PBXBuildFile; fileRef = 317630351DE4B8D900A58A77 /* Media.xcassets */; };
		318B971C1DECB58700E755A8 /* AccountSesstionManager.swift in Sources */ = {isa = PBXBuildFile; fileRef = 318B971B1DECB58700E755A8 /* AccountSesstionManager.swift */; };
		318B971E1DECB59B00E755A8 /* AccountSession.swift in Sources */ = {isa = PBXBuildFile; fileRef = 318B971D1DECB59B00E755A8 /* AccountSession.swift */; };
		318B97201DECB5E500E755A8 /* UserInfo.swift in Sources */ = {isa = PBXBuildFile; fileRef = 318B971F1DECB5E500E755A8 /* UserInfo.swift */; };
		318B97221DECC1DB00E755A8 /* Configuration.swift in Sources */ = {isa = PBXBuildFile; fileRef = 318B97211DECC1DB00E755A8 /* Configuration.swift */; };
		318B97241DECC1E200E755A8 /* GUI.swift in Sources */ = {isa = PBXBuildFile; fileRef = 318B97231DECC1E200E755A8 /* GUI.swift */; };
		318B97261DECC36E00E755A8 /* Entits.swift in Sources */ = {isa = PBXBuildFile; fileRef = 318B97251DECC36E00E755A8 /* Entits.swift */; };
		318B97291DECC44200E755A8 /* UITableView+D.swift in Sources */ = {isa = PBXBuildFile; fileRef = 318B97271DECC44200E755A8 /* UITableView+D.swift */; };
		318B972C1DECC50900E755A8 /* UITabeViewCell+D.swift in Sources */ = {isa = PBXBuildFile; fileRef = 318B972B1DECC50900E755A8 /* UITabeViewCell+D.swift */; };
		318B972F1DECC71200E755A8 /* Rides.swift in Sources */ = {isa = PBXBuildFile; fileRef = 318B972E1DECC71200E755A8 /* Rides.swift */; };
		318B97311DECC7EF00E755A8 /* Array.swift in Sources */ = {isa = PBXBuildFile; fileRef = 318B97301DECC7EF00E755A8 /* Array.swift */; };
		31AD93F41DE4C78E0055BFBD /* AbstractViewController.swift in Sources */ = {isa = PBXBuildFile; fileRef = 31AD93F31DE4C78E0055BFBD /* AbstractViewController.swift */; };
		31AD93F81DE4C7B10055BFBD /* Initialize.swift in Sources */ = {isa = PBXBuildFile; fileRef = 31AD93F61DE4C7B10055BFBD /* Initialize.swift */; };
		31AD93F91DE4C7B10055BFBD /* Reusable.swift in Sources */ = {isa = PBXBuildFile; fileRef = 31AD93F71DE4C7B10055BFBD /* Reusable.swift */; };
		31AD94051DE4C7F50055BFBD /* UIView+D.swift in Sources */ = {isa = PBXBuildFile; fileRef = 31AD93FD1DE4C7F50055BFBD /* UIView+D.swift */; };
		31AD94061DE4C7F50055BFBD /* UIColor+D.swift in Sources */ = {isa = PBXBuildFile; fileRef = 31AD93FE1DE4C7F50055BFBD /* UIColor+D.swift */; };
		31AD94071DE4C7F50055BFBD /* UIViewController+D.swift in Sources */ = {isa = PBXBuildFile; fileRef = 31AD93FF1DE4C7F50055BFBD /* UIViewController+D.swift */; };
		31AD94081DE4C7F50055BFBD /* UIImage+D.swift in Sources */ = {isa = PBXBuildFile; fileRef = 31AD94001DE4C7F50055BFBD /* UIImage+D.swift */; };
		31AD94091DE4C7F50055BFBD /* UIFont+D.swift in Sources */ = {isa = PBXBuildFile; fileRef = 31AD94011DE4C7F50055BFBD /* UIFont+D.swift */; };
		31AD940A1DE4C7F50055BFBD /* UINavigationBar+D.swift in Sources */ = {isa = PBXBuildFile; fileRef = 31AD94021DE4C7F50055BFBD /* UINavigationBar+D.swift */; };
		31AD940C1DE4CB1E0055BFBD /* LoginViewController.swift in Sources */ = {isa = PBXBuildFile; fileRef = 31AD940B1DE4CB1E0055BFBD /* LoginViewController.swift */; };
		31AD94121DE4CB970055BFBD /* Label.swift in Sources */ = {isa = PBXBuildFile; fileRef = 31AD940F1DE4CB970055BFBD /* Label.swift */; };
		31AD94131DE4CB970055BFBD /* TableView.swift in Sources */ = {isa = PBXBuildFile; fileRef = 31AD94101DE4CB970055BFBD /* TableView.swift */; };
		31AD94141DE4CB970055BFBD /* CollectionView.swift in Sources */ = {isa = PBXBuildFile; fileRef = 31AD94111DE4CB970055BFBD /* CollectionView.swift */; };
		31AD94161DE4CBB00055BFBD /* ImageView.swift in Sources */ = {isa = PBXBuildFile; fileRef = 31AD94151DE4CBB00055BFBD /* ImageView.swift */; };
		31DFAAF21DE624BC001DE29C /* KeyRepresentable.swift in Sources */ = {isa = PBXBuildFile; fileRef = 31DFAAF11DE624BC001DE29C /* KeyRepresentable.swift */; };
		31DFAAF41DE624EA001DE29C /* Serializable.swift in Sources */ = {isa = PBXBuildFile; fileRef = 31DFAAF31DE624EA001DE29C /* Serializable.swift */; };
		31DFAAF61DE6254D001DE29C /* Defaults.swift in Sources */ = {isa = PBXBuildFile; fileRef = 31DFAAF51DE6254D001DE29C /* Defaults.swift */; };
		31DFAAFD1DE62745001DE29C /* VoidBlock.swift in Sources */ = {isa = PBXBuildFile; fileRef = 31DFAAFC1DE62745001DE29C /* VoidBlock.swift */; };
		31E4A6791DE5841F008C16C5 /* Button.swift in Sources */ = {isa = PBXBuildFile; fileRef = 31E4A6781DE5841F008C16C5 /* Button.swift */; };
		31E4A67F1DE5862C008C16C5 /* SnapKit.framework in Frameworks */ = {isa = PBXBuildFile; fileRef = 31E4A67E1DE5862C008C16C5 /* SnapKit.framework */; };
		31E4A6821DE58959008C16C5 /* RidesViewController.swift in Sources */ = {isa = PBXBuildFile; fileRef = 31E4A6811DE58959008C16C5 /* RidesViewController.swift */; };
		31E4A6841DE5895F008C16C5 /* MapViewController.swift in Sources */ = {isa = PBXBuildFile; fileRef = 31E4A6831DE5895F008C16C5 /* MapViewController.swift */; };
		31E4A6861DE58965008C16C5 /* AccountViewController.swift in Sources */ = {isa = PBXBuildFile; fileRef = 31E4A6851DE58965008C16C5 /* AccountViewController.swift */; };
		31E4A6881DE5898C008C16C5 /* AbstractTabBarController.swift in Sources */ = {isa = PBXBuildFile; fileRef = 31E4A6871DE5898C008C16C5 /* AbstractTabBarController.swift */; };
		31E4A68B1DE589E8008C16C5 /* TabBarController.swift in Sources */ = {isa = PBXBuildFile; fileRef = 31E4A68A1DE589E8008C16C5 /* TabBarController.swift */; };
/* End PBXBuildFile section */

/* Begin PBXContainerItemProxy section */
		317630131DE4B69300A58A77 /* PBXContainerItemProxy */ = {
			isa = PBXContainerItemProxy;
			containerPortal = 31762FF31DE4B69300A58A77 /* Project object */;
			proxyType = 1;
			remoteGlobalIDString = 31762FFA1DE4B69300A58A77;
			remoteInfo = Deeno;
		};
/* End PBXContainerItemProxy section */

/* Begin PBXCopyFilesBuildPhase section */
		31E4A67D1DE58624008C16C5 /* Embed Frameworks */ = {
			isa = PBXCopyFilesBuildPhase;
			buildActionMask = 2147483647;
			dstPath = "";
			dstSubfolderSpec = 10;
			files = (
			);
			name = "Embed Frameworks";
			runOnlyForDeploymentPostprocessing = 0;
		};
/* End PBXCopyFilesBuildPhase section */

/* Begin PBXFileReference section */
		311023651DE9B088001E90F0 /* WelcomeViewController.swift */ = {isa = PBXFileReference; fileEncoding = 4; lastKnownFileType = sourcecode.swift; path = WelcomeViewController.swift; sourceTree = "<group>"; };
		311023671DE9B0EE001E90F0 /* RegisterViewController.swift */ = {isa = PBXFileReference; fileEncoding = 4; lastKnownFileType = sourcecode.swift; path = RegisterViewController.swift; sourceTree = "<group>"; };
		3162D2581DE7507A007D31D5 /* GoogleService-Info.plist */ = {isa = PBXFileReference; fileEncoding = 4; lastKnownFileType = text.plist.xml; path = "GoogleService-Info.plist"; sourceTree = "<group>"; };
		3166AE181DEDE92E00BFA776 /* TextField.swift */ = {isa = PBXFileReference; fileEncoding = 4; lastKnownFileType = sourcecode.swift; path = TextField.swift; sourceTree = "<group>"; };
		3166AE1A1DEDEF7B00BFA776 /* SearchPlacesViewController.swift */ = {isa = PBXFileReference; fileEncoding = 4; lastKnownFileType = sourcecode.swift; path = SearchPlacesViewController.swift; sourceTree = "<group>"; };
		3166AE1C1DEDF83700BFA776 /* String+D.swift */ = {isa = PBXFileReference; fileEncoding = 4; lastKnownFileType = sourcecode.swift; path = "String+D.swift"; sourceTree = "<group>"; };
		3166AE1E1DEDFB8000BFA776 /* AbstractTableViewCell.swift */ = {isa = PBXFileReference; fileEncoding = 4; lastKnownFileType = sourcecode.swift; path = AbstractTableViewCell.swift; sourceTree = "<group>"; };
		3166AE201DEDFBD900BFA776 /* RidesTableViewCell.swift */ = {isa = PBXFileReference; fileEncoding = 4; lastKnownFileType = sourcecode.swift; path = RidesTableViewCell.swift; sourceTree = "<group>"; };
		31762FFB1DE4B69300A58A77 /* Deeno.app */ = {isa = PBXFileReference; explicitFileType = wrapper.application; includeInIndex = 0; path = Deeno.app; sourceTree = BUILT_PRODUCTS_DIR; };
		31762FFE1DE4B69300A58A77 /* AppDelegate.swift */ = {isa = PBXFileReference; lastKnownFileType = sourcecode.swift; path = AppDelegate.swift; sourceTree = "<group>"; };
		3176300D1DE4B69300A58A77 /* Info.plist */ = {isa = PBXFileReference; lastKnownFileType = text.plist.xml; path = Info.plist; sourceTree = "<group>"; };
		317630121DE4B69300A58A77 /* DeenoTests.xctest */ = {isa = PBXFileReference; explicitFileType = wrapper.cfbundle; includeInIndex = 0; path = DeenoTests.xctest; sourceTree = BUILT_PRODUCTS_DIR; };
		317630161DE4B69300A58A77 /* DeenoTests.swift */ = {isa = PBXFileReference; lastKnownFileType = sourcecode.swift; path = DeenoTests.swift; sourceTree = "<group>"; };
		317630181DE4B69300A58A77 /* Info.plist */ = {isa = PBXFileReference; lastKnownFileType = text.plist.xml; path = Info.plist; sourceTree = "<group>"; };
		317630351DE4B8D900A58A77 /* Media.xcassets */ = {isa = PBXFileReference; lastKnownFileType = folder.assetcatalog; path = Media.xcassets; sourceTree = "<group>"; };
		318B971B1DECB58700E755A8 /* AccountSesstionManager.swift */ = {isa = PBXFileReference; fileEncoding = 4; lastKnownFileType = sourcecode.swift; name = AccountSesstionManager.swift; path = ../../Essentials/Model/Internal/AccountSesstionManager.swift; sourceTree = "<group>"; };
		318B971D1DECB59B00E755A8 /* AccountSession.swift */ = {isa = PBXFileReference; fileEncoding = 4; lastKnownFileType = sourcecode.swift; path = AccountSession.swift; sourceTree = "<group>"; };
		318B971F1DECB5E500E755A8 /* UserInfo.swift */ = {isa = PBXFileReference; fileEncoding = 4; lastKnownFileType = sourcecode.swift; path = UserInfo.swift; sourceTree = "<group>"; };
		318B97211DECC1DB00E755A8 /* Configuration.swift */ = {isa = PBXFileReference; fileEncoding = 4; lastKnownFileType = sourcecode.swift; path = Configuration.swift; sourceTree = "<group>"; };
		318B97231DECC1E200E755A8 /* GUI.swift */ = {isa = PBXFileReference; fileEncoding = 4; lastKnownFileType = sourcecode.swift; path = GUI.swift; sourceTree = "<group>"; };
		318B97251DECC36E00E755A8 /* Entits.swift */ = {isa = PBXFileReference; fileEncoding = 4; lastKnownFileType = sourcecode.swift; path = Entits.swift; sourceTree = "<group>"; };
		318B97271DECC44200E755A8 /* UITableView+D.swift */ = {isa = PBXFileReference; fileEncoding = 4; lastKnownFileType = sourcecode.swift; path = "UITableView+D.swift"; sourceTree = "<group>"; };
		318B972B1DECC50900E755A8 /* UITabeViewCell+D.swift */ = {isa = PBXFileReference; fileEncoding = 4; lastKnownFileType = sourcecode.swift; path = "UITabeViewCell+D.swift"; sourceTree = "<group>"; };
		318B972E1DECC71200E755A8 /* Rides.swift */ = {isa = PBXFileReference; fileEncoding = 4; lastKnownFileType = sourcecode.swift; path = Rides.swift; sourceTree = "<group>"; };
		318B97301DECC7EF00E755A8 /* Array.swift */ = {isa = PBXFileReference; fileEncoding = 4; lastKnownFileType = sourcecode.swift; path = Array.swift; sourceTree = "<group>"; };
		31AD93F31DE4C78E0055BFBD /* AbstractViewController.swift */ = {isa = PBXFileReference; fileEncoding = 4; lastKnownFileType = sourcecode.swift; path = AbstractViewController.swift; sourceTree = "<group>"; };
		31AD93F61DE4C7B10055BFBD /* Initialize.swift */ = {isa = PBXFileReference; fileEncoding = 4; lastKnownFileType = sourcecode.swift; path = Initialize.swift; sourceTree = "<group>"; };
		31AD93F71DE4C7B10055BFBD /* Reusable.swift */ = {isa = PBXFileReference; fileEncoding = 4; lastKnownFileType = sourcecode.swift; path = Reusable.swift; sourceTree = "<group>"; };
		31AD93FD1DE4C7F50055BFBD /* UIView+D.swift */ = {isa = PBXFileReference; fileEncoding = 4; lastKnownFileType = sourcecode.swift; path = "UIView+D.swift"; sourceTree = "<group>"; };
		31AD93FE1DE4C7F50055BFBD /* UIColor+D.swift */ = {isa = PBXFileReference; fileEncoding = 4; lastKnownFileType = sourcecode.swift; path = "UIColor+D.swift"; sourceTree = "<group>"; };
		31AD93FF1DE4C7F50055BFBD /* UIViewController+D.swift */ = {isa = PBXFileReference; fileEncoding = 4; lastKnownFileType = sourcecode.swift; path = "UIViewController+D.swift"; sourceTree = "<group>"; };
		31AD94001DE4C7F50055BFBD /* UIImage+D.swift */ = {isa = PBXFileReference; fileEncoding = 4; lastKnownFileType = sourcecode.swift; path = "UIImage+D.swift"; sourceTree = "<group>"; };
		31AD94011DE4C7F50055BFBD /* UIFont+D.swift */ = {isa = PBXFileReference; fileEncoding = 4; lastKnownFileType = sourcecode.swift; path = "UIFont+D.swift"; sourceTree = "<group>"; };
		31AD94021DE4C7F50055BFBD /* UINavigationBar+D.swift */ = {isa = PBXFileReference; fileEncoding = 4; lastKnownFileType = sourcecode.swift; path = "UINavigationBar+D.swift"; sourceTree = "<group>"; };
		31AD940B1DE4CB1E0055BFBD /* LoginViewController.swift */ = {isa = PBXFileReference; fileEncoding = 4; lastKnownFileType = sourcecode.swift; path = LoginViewController.swift; sourceTree = "<group>"; };
		31AD940F1DE4CB970055BFBD /* Label.swift */ = {isa = PBXFileReference; fileEncoding = 4; lastKnownFileType = sourcecode.swift; path = Label.swift; sourceTree = "<group>"; };
		31AD94101DE4CB970055BFBD /* TableView.swift */ = {isa = PBXFileReference; fileEncoding = 4; lastKnownFileType = sourcecode.swift; path = TableView.swift; sourceTree = "<group>"; };
		31AD94111DE4CB970055BFBD /* CollectionView.swift */ = {isa = PBXFileReference; fileEncoding = 4; lastKnownFileType = sourcecode.swift; path = CollectionView.swift; sourceTree = "<group>"; };
		31AD94151DE4CBB00055BFBD /* ImageView.swift */ = {isa = PBXFileReference; fileEncoding = 4; lastKnownFileType = sourcecode.swift; path = ImageView.swift; sourceTree = "<group>"; };
		31DFAAE21DE62061001DE29C /* Deeno.entitlements */ = {isa = PBXFileReference; lastKnownFileType = text.plist.entitlements; path = Deeno.entitlements; sourceTree = "<group>"; };
		31DFAAF11DE624BC001DE29C /* KeyRepresentable.swift */ = {isa = PBXFileReference; fileEncoding = 4; lastKnownFileType = sourcecode.swift; path = KeyRepresentable.swift; sourceTree = "<group>"; };
		31DFAAF31DE624EA001DE29C /* Serializable.swift */ = {isa = PBXFileReference; fileEncoding = 4; lastKnownFileType = sourcecode.swift; path = Serializable.swift; sourceTree = "<group>"; };
		31DFAAF51DE6254D001DE29C /* Defaults.swift */ = {isa = PBXFileReference; fileEncoding = 4; lastKnownFileType = sourcecode.swift; path = Defaults.swift; sourceTree = "<group>"; };
		31DFAAFC1DE62745001DE29C /* VoidBlock.swift */ = {isa = PBXFileReference; fileEncoding = 4; lastKnownFileType = sourcecode.swift; path = VoidBlock.swift; sourceTree = "<group>"; };
		31E4A6781DE5841F008C16C5 /* Button.swift */ = {isa = PBXFileReference; fileEncoding = 4; lastKnownFileType = sourcecode.swift; path = Button.swift; sourceTree = "<group>"; };
		31E4A67E1DE5862C008C16C5 /* SnapKit.framework */ = {isa = PBXFileReference; lastKnownFileType = wrapper.framework; name = SnapKit.framework; path = "../../../../Library/Developer/Xcode/DerivedData/Deeno-fvpgqgjipihexzgfyiwbilcyfkhb/Build/Products/Debug-iphonesimulator/SnapKit/SnapKit.framework"; sourceTree = "<group>"; };
		31E4A6811DE58959008C16C5 /* RidesViewController.swift */ = {isa = PBXFileReference; fileEncoding = 4; lastKnownFileType = sourcecode.swift; path = RidesViewController.swift; sourceTree = "<group>"; };
		31E4A6831DE5895F008C16C5 /* MapViewController.swift */ = {isa = PBXFileReference; fileEncoding = 4; lastKnownFileType = sourcecode.swift; path = MapViewController.swift; sourceTree = "<group>"; };
		31E4A6851DE58965008C16C5 /* AccountViewController.swift */ = {isa = PBXFileReference; fileEncoding = 4; lastKnownFileType = sourcecode.swift; path = AccountViewController.swift; sourceTree = "<group>"; };
		31E4A6871DE5898C008C16C5 /* AbstractTabBarController.swift */ = {isa = PBXFileReference; fileEncoding = 4; lastKnownFileType = sourcecode.swift; path = AbstractTabBarController.swift; sourceTree = "<group>"; };
		31E4A68A1DE589E8008C16C5 /* TabBarController.swift */ = {isa = PBXFileReference; fileEncoding = 4; lastKnownFileType = sourcecode.swift; path = TabBarController.swift; sourceTree = "<group>"; };
		6E719A97B884D208592C22C6 /* Pods-Deeno.release.xcconfig */ = {isa = PBXFileReference; includeInIndex = 1; lastKnownFileType = text.xcconfig; name = "Pods-Deeno.release.xcconfig"; path = "Pods/Target Support Files/Pods-Deeno/Pods-Deeno.release.xcconfig"; sourceTree = "<group>"; };
		951400DB2BA40B6FE3891C10 /* Pods_Deeno.framework */ = {isa = PBXFileReference; explicitFileType = wrapper.framework; includeInIndex = 0; path = Pods_Deeno.framework; sourceTree = BUILT_PRODUCTS_DIR; };
		9B96C239898D76DCADAD096D /* Pods-Deeno.debug.xcconfig */ = {isa = PBXFileReference; includeInIndex = 1; lastKnownFileType = text.xcconfig; name = "Pods-Deeno.debug.xcconfig"; path = "Pods/Target Support Files/Pods-Deeno/Pods-Deeno.debug.xcconfig"; sourceTree = "<group>"; };
/* End PBXFileReference section */

/* Begin PBXFrameworksBuildPhase section */
		31762FF81DE4B69300A58A77 /* Frameworks */ = {
			isa = PBXFrameworksBuildPhase;
			buildActionMask = 2147483647;
			files = (
				31E4A67F1DE5862C008C16C5 /* SnapKit.framework in Frameworks */,
				2A5CBC612DFF1BB109B43060 /* Pods_Deeno.framework in Frameworks */,
			);
			runOnlyForDeploymentPostprocessing = 0;
		};
		3176300F1DE4B69300A58A77 /* Frameworks */ = {
			isa = PBXFrameworksBuildPhase;
			buildActionMask = 2147483647;
			files = (
			);
			runOnlyForDeploymentPostprocessing = 0;
		};
/* End PBXFrameworksBuildPhase section */

/* Begin PBXGroup section */
		21D2A9100366635E6C74F50F /* Pods */ = {
			isa = PBXGroup;
			children = (
				9B96C239898D76DCADAD096D /* Pods-Deeno.debug.xcconfig */,
				6E719A97B884D208592C22C6 /* Pods-Deeno.release.xcconfig */,
			);
			name = Pods;
			sourceTree = "<group>";
		};
		31762FF21DE4B69300A58A77 = {
			isa = PBXGroup;
			children = (
				31762FFD1DE4B69300A58A77 /* Deeno */,
				317630151DE4B69300A58A77 /* DeenoTests */,
				31762FFC1DE4B69300A58A77 /* Products */,
				21D2A9100366635E6C74F50F /* Pods */,
				5AF54FCA0BE437AC06863111 /* Frameworks */,
			);
			sourceTree = "<group>";
		};
		31762FFC1DE4B69300A58A77 /* Products */ = {
			isa = PBXGroup;
			children = (
				31762FFB1DE4B69300A58A77 /* Deeno.app */,
				317630121DE4B69300A58A77 /* DeenoTests.xctest */,
			);
			name = Products;
			sourceTree = "<group>";
		};
		31762FFD1DE4B69300A58A77 /* Deeno */ = {
			isa = PBXGroup;
			children = (
				317630211DE4B76F00A58A77 /* Essentials */,
				31DFAAF71DE625A6001DE29C /* Services */,
				3176302E1DE4B84300A58A77 /* Helpers */,
				3176302F1DE4B84900A58A77 /* Resources */,
				317630301DE4B84D00A58A77 /* Setup */,
			);
			path = Deeno;
			sourceTree = "<group>";
		};
		317630151DE4B69300A58A77 /* DeenoTests */ = {
			isa = PBXGroup;
			children = (
				317630161DE4B69300A58A77 /* DeenoTests.swift */,
				317630181DE4B69300A58A77 /* Info.plist */,
			);
			path = DeenoTests;
			sourceTree = "<group>";
		};
		317630211DE4B76F00A58A77 /* Essentials */ = {
			isa = PBXGroup;
			children = (
				317630221DE4B78200A58A77 /* Controllers */,
				317630231DE4B78800A58A77 /* Model */,
				317630241DE4B78D00A58A77 /* View */,
				317630251DE4B79200A58A77 /* View models */,
			);
			path = Essentials;
			sourceTree = "<group>";
		};
		317630221DE4B78200A58A77 /* Controllers */ = {
			isa = PBXGroup;
			children = (
				31762FFE1DE4B69300A58A77 /* AppDelegate.swift */,
				31AD93F21DE4C7780055BFBD /* Abstract */,
				317630261DE4B7DE00A58A77 /* Login */,
				31E4A6801DE58909008C16C5 /* Main */,
				31E4A6891DE589BA008C16C5 /* Shared */,
			);
			path = Controllers;
			sourceTree = "<group>";
		};
		317630231DE4B78800A58A77 /* Model */ = {
			isa = PBXGroup;
			children = (
				318B972D1DECC6FA00E755A8 /* Firebase */,
				317630281DE4B7EC00A58A77 /* Internal */,
				317630271DE4B7EA00A58A77 /* Network */,
			);
			path = Model;
			sourceTree = "<group>";
		};
		317630241DE4B78D00A58A77 /* View */ = {
			isa = PBXGroup;
			children = (
				31AD940E1DE4CB830055BFBD /* Cells */,
				31AD940D1DE4CB6D0055BFBD /* UI */,
			);
			path = View;
			sourceTree = "<group>";
		};
		317630251DE4B79200A58A77 /* View models */ = {
			isa = PBXGroup;
			children = (
			);
			path = "View models";
			sourceTree = "<group>";
		};
		317630261DE4B7DE00A58A77 /* Login */ = {
			isa = PBXGroup;
			children = (
				31AD940B1DE4CB1E0055BFBD /* LoginViewController.swift */,
				311023671DE9B0EE001E90F0 /* RegisterViewController.swift */,
			);
			path = Login;
			sourceTree = "<group>";
		};
		317630271DE4B7EA00A58A77 /* Network */ = {
			isa = PBXGroup;
			children = (
			);
			path = Network;
			sourceTree = "<group>";
		};
		317630281DE4B7EC00A58A77 /* Internal */ = {
			isa = PBXGroup;
			children = (
				318B971D1DECB59B00E755A8 /* AccountSession.swift */,
				318B971F1DECB5E500E755A8 /* UserInfo.swift */,
			);
			path = Internal;
			sourceTree = "<group>";
		};
		3176302A1DE4B81300A58A77 /* CollectionView */ = {
			isa = PBXGroup;
			children = (
				3176302D1DE4B81700A58A77 /* Abstract */,
			);
			name = CollectionView;
			path = ../CollectionView;
			sourceTree = "<group>";
		};
		3176302B1DE4B81400A58A77 /* TableView */ = {
			isa = PBXGroup;
			children = (
				3176302C1DE4B81600A58A77 /* Abstract */,
				3166AE201DEDFBD900BFA776 /* RidesTableViewCell.swift */,
			);
			name = TableView;
			path = ../TableView;
			sourceTree = "<group>";
		};
		3176302C1DE4B81600A58A77 /* Abstract */ = {
			isa = PBXGroup;
			children = (
				3166AE1E1DEDFB8000BFA776 /* AbstractTableViewCell.swift */,
			);
			path = Abstract;
			sourceTree = "<group>";
		};
		3176302D1DE4B81700A58A77 /* Abstract */ = {
			isa = PBXGroup;
			children = (
			);
			path = Abstract;
			sourceTree = "<group>";
		};
		3176302E1DE4B84300A58A77 /* Helpers */ = {
			isa = PBXGroup;
			children = (
				31DFAAFB1DE62736001DE29C /* Typealiases */,
				31AD93FA1DE4C7D20055BFBD /* UI */,
				31AD93F51DE4C7A50055BFBD /* Protocols */,
				31DFAAF51DE6254D001DE29C /* Defaults.swift */,
				318B97301DECC7EF00E755A8 /* Array.swift */,
				3166AE1C1DEDF83700BFA776 /* String+D.swift */,
			);
			path = Helpers;
			sourceTree = "<group>";
		};
		3176302F1DE4B84900A58A77 /* Resources */ = {
			isa = PBXGroup;
			children = (
				31DFAAFE1DE62855001DE29C /* Entitlements */,
				317630321DE4B89300A58A77 /* Assets */,
				317630331DE4B8A200A58A77 /* Localization */,
				317630311DE4B87500A58A77 /* Supporting files */,
			);
			path = Resources;
			sourceTree = "<group>";
		};
		317630301DE4B84D00A58A77 /* Setup */ = {
			isa = PBXGroup;
			children = (
				317630341DE4B8B600A58A77 /* Configuration */,
			);
			path = Setup;
			sourceTree = "<group>";
		};
		317630311DE4B87500A58A77 /* Supporting files */ = {
			isa = PBXGroup;
			children = (
				3162D2581DE7507A007D31D5 /* GoogleService-Info.plist */,
				3176300D1DE4B69300A58A77 /* Info.plist */,
			);
			path = "Supporting files";
			sourceTree = "<group>";
		};
		317630321DE4B89300A58A77 /* Assets */ = {
			isa = PBXGroup;
			children = (
				317630351DE4B8D900A58A77 /* Media.xcassets */,
			);
			path = Assets;
			sourceTree = "<group>";
		};
		317630331DE4B8A200A58A77 /* Localization */ = {
			isa = PBXGroup;
			children = (
			);
			path = Localization;
			sourceTree = "<group>";
		};
		317630341DE4B8B600A58A77 /* Configuration */ = {
			isa = PBXGroup;
			children = (
				318B97211DECC1DB00E755A8 /* Configuration.swift */,
				318B97231DECC1E200E755A8 /* GUI.swift */,
				318B97251DECC36E00E755A8 /* Entits.swift */,
			);
			path = Configuration;
			sourceTree = "<group>";
		};
		318B972D1DECC6FA00E755A8 /* Firebase */ = {
			isa = PBXGroup;
			children = (
				318B972E1DECC71200E755A8 /* Rides.swift */,
			);
			path = Firebase;
			sourceTree = "<group>";
		};
		31AD93F21DE4C7780055BFBD /* Abstract */ = {
			isa = PBXGroup;
			children = (
				31E4A6871DE5898C008C16C5 /* AbstractTabBarController.swift */,
				31AD93F31DE4C78E0055BFBD /* AbstractViewController.swift */,
			);
			path = Abstract;
			sourceTree = "<group>";
		};
		31AD93F51DE4C7A50055BFBD /* Protocols */ = {
			isa = PBXGroup;
			children = (
				31AD93F61DE4C7B10055BFBD /* Initialize.swift */,
				31DFAAF11DE624BC001DE29C /* KeyRepresentable.swift */,
				31AD93F71DE4C7B10055BFBD /* Reusable.swift */,
				31DFAAF31DE624EA001DE29C /* Serializable.swift */,
			);
			path = Protocols;
			sourceTree = "<group>";
		};
		31AD93FA1DE4C7D20055BFBD /* UI */ = {
			isa = PBXGroup;
			children = (
				31AD93FD1DE4C7F50055BFBD /* UIView+D.swift */,
				31AD93FE1DE4C7F50055BFBD /* UIColor+D.swift */,
				31AD93FF1DE4C7F50055BFBD /* UIViewController+D.swift */,
				31AD94001DE4C7F50055BFBD /* UIImage+D.swift */,
				31AD94011DE4C7F50055BFBD /* UIFont+D.swift */,
				31AD94021DE4C7F50055BFBD /* UINavigationBar+D.swift */,
				318B972B1DECC50900E755A8 /* UITabeViewCell+D.swift */,
				318B97271DECC44200E755A8 /* UITableView+D.swift */,
			);
			path = UI;
			sourceTree = "<group>";
		};
		31AD940D1DE4CB6D0055BFBD /* UI */ = {
			isa = PBXGroup;
			children = (
				31E4A6781DE5841F008C16C5 /* Button.swift */,
				31AD94111DE4CB970055BFBD /* CollectionView.swift */,
				31AD94151DE4CBB00055BFBD /* ImageView.swift */,
				31AD940F1DE4CB970055BFBD /* Label.swift */,
				31AD94101DE4CB970055BFBD /* TableView.swift */,
				3166AE181DEDE92E00BFA776 /* TextField.swift */,
			);
			path = UI;
			sourceTree = "<group>";
		};
		31AD940E1DE4CB830055BFBD /* Cells */ = {
			isa = PBXGroup;
			children = (
				3176302B1DE4B81400A58A77 /* TableView */,
				3176302A1DE4B81300A58A77 /* CollectionView */,
			);
			path = Cells;
			sourceTree = "<group>";
		};
		31DFAAF71DE625A6001DE29C /* Services */ = {
			isa = PBXGroup;
			children = (
				31DFAAF81DE625BB001DE29C /* Managers */,
			);
			path = Services;
			sourceTree = "<group>";
		};
		31DFAAF81DE625BB001DE29C /* Managers */ = {
			isa = PBXGroup;
			children = (
				318B971B1DECB58700E755A8 /* AccountSesstionManager.swift */,
			);
			path = Managers;
			sourceTree = "<group>";
		};
		31DFAAFB1DE62736001DE29C /* Typealiases */ = {
			isa = PBXGroup;
			children = (
				31DFAAFC1DE62745001DE29C /* VoidBlock.swift */,
			);
			path = Typealiases;
			sourceTree = "<group>";
		};
		31DFAAFE1DE62855001DE29C /* Entitlements */ = {
			isa = PBXGroup;
			children = (
				31DFAAE21DE62061001DE29C /* Deeno.entitlements */,
			);
			path = Entitlements;
			sourceTree = "<group>";
		};
		31E4A6801DE58909008C16C5 /* Main */ = {
			isa = PBXGroup;
			children = (
				31E4A6851DE58965008C16C5 /* AccountViewController.swift */,
				31E4A6831DE5895F008C16C5 /* MapViewController.swift */,
				31E4A6811DE58959008C16C5 /* RidesViewController.swift */,
				3166AE1A1DEDEF7B00BFA776 /* SearchPlacesViewController.swift */,
			);
			path = Main;
			sourceTree = "<group>";
		};
		31E4A6891DE589BA008C16C5 /* Shared */ = {
			isa = PBXGroup;
			children = (
				31E4A68A1DE589E8008C16C5 /* TabBarController.swift */,
				311023651DE9B088001E90F0 /* WelcomeViewController.swift */,
			);
			path = Shared;
			sourceTree = "<group>";
		};
		5AF54FCA0BE437AC06863111 /* Frameworks */ = {
			isa = PBXGroup;
			children = (
				31E4A67E1DE5862C008C16C5 /* SnapKit.framework */,
				951400DB2BA40B6FE3891C10 /* Pods_Deeno.framework */,
			);
			name = Frameworks;
			sourceTree = "<group>";
		};
/* End PBXGroup section */

/* Begin PBXNativeTarget section */
		31762FFA1DE4B69300A58A77 /* Deeno */ = {
			isa = PBXNativeTarget;
			buildConfigurationList = 3176301B1DE4B69300A58A77 /* Build configuration list for PBXNativeTarget "Deeno" */;
			buildPhases = (
				138CA25B61D5E5E65E3AD5F0 /* [CP] Check Pods Manifest.lock */,
				31762FF71DE4B69300A58A77 /* Sources */,
				31762FF81DE4B69300A58A77 /* Frameworks */,
				31762FF91DE4B69300A58A77 /* Resources */,
				F6001D958F7EA69BCBD2ADCB /* [CP] Embed Pods Frameworks */,
				4DDCC1F1FA31B597A223BCF9 /* [CP] Copy Pods Resources */,
				31E4A67D1DE58624008C16C5 /* Embed Frameworks */,
				31FBF29A1DE6108400FC12B2 /* Run Script */,
			);
			buildRules = (
			);
			dependencies = (
			);
			name = Deeno;
			productName = Deeno;
			productReference = 31762FFB1DE4B69300A58A77 /* Deeno.app */;
			productType = "com.apple.product-type.application";
		};
		317630111DE4B69300A58A77 /* DeenoTests */ = {
			isa = PBXNativeTarget;
			buildConfigurationList = 3176301E1DE4B69300A58A77 /* Build configuration list for PBXNativeTarget "DeenoTests" */;
			buildPhases = (
				3176300E1DE4B69300A58A77 /* Sources */,
				3176300F1DE4B69300A58A77 /* Frameworks */,
				317630101DE4B69300A58A77 /* Resources */,
			);
			buildRules = (
			);
			dependencies = (
				317630141DE4B69300A58A77 /* PBXTargetDependency */,
			);
			name = DeenoTests;
			productName = DeenoTests;
			productReference = 317630121DE4B69300A58A77 /* DeenoTests.xctest */;
			productType = "com.apple.product-type.bundle.unit-test";
		};
/* End PBXNativeTarget section */

/* Begin PBXProject section */
		31762FF31DE4B69300A58A77 /* Project object */ = {
			isa = PBXProject;
			attributes = {
				LastSwiftUpdateCheck = 0820;
				LastUpgradeCheck = 0820;
				ORGANIZATIONNAME = "Michal Severín";
				TargetAttributes = {
					31762FFA1DE4B69300A58A77 = {
						CreatedOnToolsVersion = 8.2;
						DevelopmentTeam = G7TAUN84TA;
						ProvisioningStyle = Automatic;
						SystemCapabilities = {
							com.apple.Keychain = {
								enabled = 1;
							};
						};
					};
					317630111DE4B69300A58A77 = {
						CreatedOnToolsVersion = 8.2;
						DevelopmentTeam = G7TAUN84TA;
						ProvisioningStyle = Automatic;
						TestTargetID = 31762FFA1DE4B69300A58A77;
					};
				};
			};
			buildConfigurationList = 31762FF61DE4B69300A58A77 /* Build configuration list for PBXProject "Deeno" */;
			compatibilityVersion = "Xcode 3.2";
			developmentRegion = English;
			hasScannedForEncodings = 0;
			knownRegions = (
				en,
				Base,
			);
			mainGroup = 31762FF21DE4B69300A58A77;
			productRefGroup = 31762FFC1DE4B69300A58A77 /* Products */;
			projectDirPath = "";
			projectRoot = "";
			targets = (
				31762FFA1DE4B69300A58A77 /* Deeno */,
				317630111DE4B69300A58A77 /* DeenoTests */,
			);
		};
/* End PBXProject section */

/* Begin PBXResourcesBuildPhase section */
		31762FF91DE4B69300A58A77 /* Resources */ = {
			isa = PBXResourcesBuildPhase;
			buildActionMask = 2147483647;
			files = (
				317630361DE4B8D900A58A77 /* Media.xcassets in Resources */,
				3162D2591DE7507A007D31D5 /* GoogleService-Info.plist in Resources */,
			);
			runOnlyForDeploymentPostprocessing = 0;
		};
		317630101DE4B69300A58A77 /* Resources */ = {
			isa = PBXResourcesBuildPhase;
			buildActionMask = 2147483647;
			files = (
			);
			runOnlyForDeploymentPostprocessing = 0;
		};
/* End PBXResourcesBuildPhase section */

/* Begin PBXShellScriptBuildPhase section */
		138CA25B61D5E5E65E3AD5F0 /* [CP] Check Pods Manifest.lock */ = {
			isa = PBXShellScriptBuildPhase;
			buildActionMask = 2147483647;
			files = (
			);
			inputPaths = (
			);
			name = "[CP] Check Pods Manifest.lock";
			outputPaths = (
			);
			runOnlyForDeploymentPostprocessing = 0;
			shellPath = /bin/sh;
			shellScript = "diff \"${PODS_ROOT}/../Podfile.lock\" \"${PODS_ROOT}/Manifest.lock\" > /dev/null\nif [ $? != 0 ] ; then\n    # print error to STDERR\n    echo \"error: The sandbox is not in sync with the Podfile.lock. Run 'pod install' or update your CocoaPods installation.\" >&2\n    exit 1\nfi\n";
			showEnvVarsInLog = 0;
		};
		31FBF29A1DE6108400FC12B2 /* Run Script */ = {
			isa = PBXShellScriptBuildPhase;
			buildActionMask = 2147483647;
			files = (
			);
			inputPaths = (
			);
			name = "Run Script";
			outputPaths = (
			);
			runOnlyForDeploymentPostprocessing = 0;
			shellPath = /bin/sh;
			shellScript = "\"${PODS_ROOT}/Fabric/run\" 860c9f6068860f6b16750f8028ab952c14d09dd2 e50b16588d8713ef62495b7221cb64ab29e0264caec37a80ac559f63dcb073d9";
		};
		4DDCC1F1FA31B597A223BCF9 /* [CP] Copy Pods Resources */ = {
			isa = PBXShellScriptBuildPhase;
			buildActionMask = 2147483647;
			files = (
			);
			inputPaths = (
			);
			name = "[CP] Copy Pods Resources";
			outputPaths = (
			);
			runOnlyForDeploymentPostprocessing = 0;
			shellPath = /bin/sh;
			shellScript = "\"${SRCROOT}/Pods/Target Support Files/Pods-Deeno/Pods-Deeno-resources.sh\"\n";
			showEnvVarsInLog = 0;
		};
		F6001D958F7EA69BCBD2ADCB /* [CP] Embed Pods Frameworks */ = {
			isa = PBXShellScriptBuildPhase;
			buildActionMask = 2147483647;
			files = (
			);
			inputPaths = (
			);
			name = "[CP] Embed Pods Frameworks";
			outputPaths = (
			);
			runOnlyForDeploymentPostprocessing = 0;
			shellPath = /bin/sh;
			shellScript = "\"${SRCROOT}/Pods/Target Support Files/Pods-Deeno/Pods-Deeno-frameworks.sh\"\n";
			showEnvVarsInLog = 0;
		};
/* End PBXShellScriptBuildPhase section */

/* Begin PBXSourcesBuildPhase section */
		31762FF71DE4B69300A58A77 /* Sources */ = {
			isa = PBXSourcesBuildPhase;
			buildActionMask = 2147483647;
			files = (
				318B971E1DECB59B00E755A8 /* AccountSession.swift in Sources */,
				31DFAAF61DE6254D001DE29C /* Defaults.swift in Sources */,
				31E4A6821DE58959008C16C5 /* RidesViewController.swift in Sources */,
				31E4A6861DE58965008C16C5 /* AccountViewController.swift in Sources */,
				311023661DE9B088001E90F0 /* WelcomeViewController.swift in Sources */,
				318B972C1DECC50900E755A8 /* UITabeViewCell+D.swift in Sources */,
				31AD94131DE4CB970055BFBD /* TableView.swift in Sources */,
				318B97291DECC44200E755A8 /* UITableView+D.swift in Sources */,
				31DFAAF41DE624EA001DE29C /* Serializable.swift in Sources */,
				31E4A6841DE5895F008C16C5 /* MapViewController.swift in Sources */,
				31E4A68B1DE589E8008C16C5 /* TabBarController.swift in Sources */,
				3166AE211DEDFBD900BFA776 /* RidesTableViewCell.swift in Sources */,
				3166AE191DEDE92E00BFA776 /* TextField.swift in Sources */,
				31AD94081DE4C7F50055BFBD /* UIImage+D.swift in Sources */,
				31AD94161DE4CBB00055BFBD /* ImageView.swift in Sources */,
				31AD94061DE4C7F50055BFBD /* UIColor+D.swift in Sources */,
				3166AE1D1DEDF83700BFA776 /* String+D.swift in Sources */,
				31AD940A1DE4C7F50055BFBD /* UINavigationBar+D.swift in Sources */,
				31AD94071DE4C7F50055BFBD /* UIViewController+D.swift in Sources */,
				311023681DE9B0EE001E90F0 /* RegisterViewController.swift in Sources */,
				318B972F1DECC71200E755A8 /* Rides.swift in Sources */,
				31E4A6791DE5841F008C16C5 /* Button.swift in Sources */,
				318B97311DECC7EF00E755A8 /* Array.swift in Sources */,
				31E4A6881DE5898C008C16C5 /* AbstractTabBarController.swift in Sources */,
				31DFAAF21DE624BC001DE29C /* KeyRepresentable.swift in Sources */,
				31DFAAFD1DE62745001DE29C /* VoidBlock.swift in Sources */,
				31AD94141DE4CB970055BFBD /* CollectionView.swift in Sources */,
				3166AE1B1DEDEF7B00BFA776 /* SearchPlacesViewController.swift in Sources */,
				318B97261DECC36E00E755A8 /* Entits.swift in Sources */,
				318B97221DECC1DB00E755A8 /* Configuration.swift in Sources */,
				31AD93F91DE4C7B10055BFBD /* Reusable.swift in Sources */,
				3166AE1F1DEDFB8000BFA776 /* AbstractTableViewCell.swift in Sources */,
				31AD93F41DE4C78E0055BFBD /* AbstractViewController.swift in Sources */,
				31AD94091DE4C7F50055BFBD /* UIFont+D.swift in Sources */,
				31762FFF1DE4B69300A58A77 /* AppDelegate.swift in Sources */,
				318B971C1DECB58700E755A8 /* AccountSesstionManager.swift in Sources */,
				31AD93F81DE4C7B10055BFBD /* Initialize.swift in Sources */,
				31AD940C1DE4CB1E0055BFBD /* LoginViewController.swift in Sources */,
				31AD94121DE4CB970055BFBD /* Label.swift in Sources */,
				318B97201DECB5E500E755A8 /* UserInfo.swift in Sources */,
				31AD94051DE4C7F50055BFBD /* UIView+D.swift in Sources */,
				318B97241DECC1E200E755A8 /* GUI.swift in Sources */,
			);
			runOnlyForDeploymentPostprocessing = 0;
		};
		3176300E1DE4B69300A58A77 /* Sources */ = {
			isa = PBXSourcesBuildPhase;
			buildActionMask = 2147483647;
			files = (
				317630171DE4B69300A58A77 /* DeenoTests.swift in Sources */,
			);
			runOnlyForDeploymentPostprocessing = 0;
		};
/* End PBXSourcesBuildPhase section */

/* Begin PBXTargetDependency section */
		317630141DE4B69300A58A77 /* PBXTargetDependency */ = {
			isa = PBXTargetDependency;
			target = 31762FFA1DE4B69300A58A77 /* Deeno */;
			targetProxy = 317630131DE4B69300A58A77 /* PBXContainerItemProxy */;
		};
/* End PBXTargetDependency section */

/* Begin XCBuildConfiguration section */
		317630191DE4B69300A58A77 /* Debug */ = {
			isa = XCBuildConfiguration;
			buildSettings = {
				ALWAYS_SEARCH_USER_PATHS = NO;
				CLANG_ANALYZER_NONNULL = YES;
				CLANG_CXX_LANGUAGE_STANDARD = "gnu++0x";
				CLANG_CXX_LIBRARY = "libc++";
				CLANG_ENABLE_MODULES = YES;
				CLANG_ENABLE_OBJC_ARC = YES;
				CLANG_WARN_BOOL_CONVERSION = YES;
				CLANG_WARN_CONSTANT_CONVERSION = YES;
				CLANG_WARN_DIRECT_OBJC_ISA_USAGE = YES_ERROR;
				CLANG_WARN_DOCUMENTATION_COMMENTS = YES;
				CLANG_WARN_EMPTY_BODY = YES;
				CLANG_WARN_ENUM_CONVERSION = YES;
				CLANG_WARN_INFINITE_RECURSION = YES;
				CLANG_WARN_INT_CONVERSION = YES;
				CLANG_WARN_OBJC_ROOT_CLASS = YES_ERROR;
				CLANG_WARN_SUSPICIOUS_MOVE = YES;
				CLANG_WARN_UNREACHABLE_CODE = YES;
				CLANG_WARN__DUPLICATE_METHOD_MATCH = YES;
				"CODE_SIGN_IDENTITY[sdk=iphoneos*]" = "iPhone Developer";
				COPY_PHASE_STRIP = NO;
				DEBUG_INFORMATION_FORMAT = dwarf;
				ENABLE_STRICT_OBJC_MSGSEND = YES;
				ENABLE_TESTABILITY = YES;
				GCC_C_LANGUAGE_STANDARD = gnu99;
				GCC_DYNAMIC_NO_PIC = NO;
				GCC_NO_COMMON_BLOCKS = YES;
				GCC_OPTIMIZATION_LEVEL = 0;
				GCC_PREPROCESSOR_DEFINITIONS = (
					"DEBUG=1",
					"$(inherited)",
				);
				GCC_WARN_64_TO_32_BIT_CONVERSION = YES;
				GCC_WARN_ABOUT_RETURN_TYPE = YES_ERROR;
				GCC_WARN_UNDECLARED_SELECTOR = YES;
				GCC_WARN_UNINITIALIZED_AUTOS = YES_AGGRESSIVE;
				GCC_WARN_UNUSED_FUNCTION = YES;
				GCC_WARN_UNUSED_VARIABLE = YES;
				IPHONEOS_DEPLOYMENT_TARGET = 10.2;
				MTL_ENABLE_DEBUG_INFO = YES;
				ONLY_ACTIVE_ARCH = YES;
				SDKROOT = iphoneos;
				SWIFT_ACTIVE_COMPILATION_CONDITIONS = DEBUG;
				SWIFT_OPTIMIZATION_LEVEL = "-Onone";
			};
			name = Debug;
		};
		3176301A1DE4B69300A58A77 /* Release */ = {
			isa = XCBuildConfiguration;
			buildSettings = {
				ALWAYS_SEARCH_USER_PATHS = NO;
				CLANG_ANALYZER_NONNULL = YES;
				CLANG_CXX_LANGUAGE_STANDARD = "gnu++0x";
				CLANG_CXX_LIBRARY = "libc++";
				CLANG_ENABLE_MODULES = YES;
				CLANG_ENABLE_OBJC_ARC = YES;
				CLANG_WARN_BOOL_CONVERSION = YES;
				CLANG_WARN_CONSTANT_CONVERSION = YES;
				CLANG_WARN_DIRECT_OBJC_ISA_USAGE = YES_ERROR;
				CLANG_WARN_DOCUMENTATION_COMMENTS = YES;
				CLANG_WARN_EMPTY_BODY = YES;
				CLANG_WARN_ENUM_CONVERSION = YES;
				CLANG_WARN_INFINITE_RECURSION = YES;
				CLANG_WARN_INT_CONVERSION = YES;
				CLANG_WARN_OBJC_ROOT_CLASS = YES_ERROR;
				CLANG_WARN_SUSPICIOUS_MOVE = YES;
				CLANG_WARN_UNREACHABLE_CODE = YES;
				CLANG_WARN__DUPLICATE_METHOD_MATCH = YES;
				"CODE_SIGN_IDENTITY[sdk=iphoneos*]" = "iPhone Developer";
				COPY_PHASE_STRIP = NO;
				DEBUG_INFORMATION_FORMAT = "dwarf-with-dsym";
				ENABLE_NS_ASSERTIONS = NO;
				ENABLE_STRICT_OBJC_MSGSEND = YES;
				GCC_C_LANGUAGE_STANDARD = gnu99;
				GCC_NO_COMMON_BLOCKS = YES;
				GCC_WARN_64_TO_32_BIT_CONVERSION = YES;
				GCC_WARN_ABOUT_RETURN_TYPE = YES_ERROR;
				GCC_WARN_UNDECLARED_SELECTOR = YES;
				GCC_WARN_UNINITIALIZED_AUTOS = YES_AGGRESSIVE;
				GCC_WARN_UNUSED_FUNCTION = YES;
				GCC_WARN_UNUSED_VARIABLE = YES;
				IPHONEOS_DEPLOYMENT_TARGET = 10.2;
				MTL_ENABLE_DEBUG_INFO = NO;
				SDKROOT = iphoneos;
				SWIFT_OPTIMIZATION_LEVEL = "-Owholemodule";
				VALIDATE_PRODUCT = YES;
			};
			name = Release;
		};
		3176301C1DE4B69300A58A77 /* Debug */ = {
			isa = XCBuildConfiguration;
			baseConfigurationReference = 9B96C239898D76DCADAD096D /* Pods-Deeno.debug.xcconfig */;
			buildSettings = {
				ASSETCATALOG_COMPILER_APPICON_NAME = AppIcon;
				CODE_SIGN_ENTITLEMENTS = "$(SRCROOT)/Deeno/Resources/Entitlements/Deeno.entitlements";
				DEVELOPMENT_TEAM = G7TAUN84TA;
				ENABLE_BITCODE = NO;
				INFOPLIST_FILE = "$(SRCROOT)/Deeno/Resources/Supporting files/Info.plist";
				IPHONEOS_DEPLOYMENT_TARGET = 10.2;
				LD_RUNPATH_SEARCH_PATHS = "$(inherited) @executable_path/Frameworks";
				PRODUCT_BUNDLE_IDENTIFIER = com.miroslavkutak.Deeno;
				PRODUCT_NAME = "$(TARGET_NAME)";
				SWIFT_VERSION = 3.0;
			};
			name = Debug;
		};
		3176301D1DE4B69300A58A77 /* Release */ = {
			isa = XCBuildConfiguration;
			baseConfigurationReference = 6E719A97B884D208592C22C6 /* Pods-Deeno.release.xcconfig */;
			buildSettings = {
				ASSETCATALOG_COMPILER_APPICON_NAME = AppIcon;
				CODE_SIGN_ENTITLEMENTS = "$(SRCROOT)/Deeno/Resources/Entitlements/Deeno.entitlements";
				DEVELOPMENT_TEAM = G7TAUN84TA;
				ENABLE_BITCODE = NO;
				INFOPLIST_FILE = "$(SRCROOT)/Deeno/Resources/Supporting files/Info.plist";
				IPHONEOS_DEPLOYMENT_TARGET = 10.2;
				LD_RUNPATH_SEARCH_PATHS = "$(inherited) @executable_path/Frameworks";
				PRODUCT_BUNDLE_IDENTIFIER = com.miroslavkutak.Deeno;
				PRODUCT_NAME = "$(TARGET_NAME)";
				SWIFT_VERSION = 3.0;
			};
			name = Release;
		};
		3176301F1DE4B69300A58A77 /* Debug */ = {
			isa = XCBuildConfiguration;
			buildSettings = {
				ALWAYS_EMBED_SWIFT_STANDARD_LIBRARIES = YES;
				BUNDLE_LOADER = "$(TEST_HOST)";
				DEVELOPMENT_TEAM = G7TAUN84TA;
				INFOPLIST_FILE = DeenoTests/Info.plist;
				LD_RUNPATH_SEARCH_PATHS = "$(inherited) @executable_path/Frameworks @loader_path/Frameworks";
				PRODUCT_BUNDLE_IDENTIFIER = ms.DeenoTests;
				PRODUCT_NAME = "$(TARGET_NAME)";
				SWIFT_VERSION = 3.0;
				TEST_HOST = "$(BUILT_PRODUCTS_DIR)/Deeno.app/Deeno";
			};
			name = Debug;
		};
		317630201DE4B69300A58A77 /* Release */ = {
			isa = XCBuildConfiguration;
			buildSettings = {
				ALWAYS_EMBED_SWIFT_STANDARD_LIBRARIES = YES;
				BUNDLE_LOADER = "$(TEST_HOST)";
				DEVELOPMENT_TEAM = G7TAUN84TA;
				INFOPLIST_FILE = DeenoTests/Info.plist;
				LD_RUNPATH_SEARCH_PATHS = "$(inherited) @executable_path/Frameworks @loader_path/Frameworks";
				PRODUCT_BUNDLE_IDENTIFIER = ms.DeenoTests;
				PRODUCT_NAME = "$(TARGET_NAME)";
				SWIFT_VERSION = 3.0;
				TEST_HOST = "$(BUILT_PRODUCTS_DIR)/Deeno.app/Deeno";
			};
			name = Release;
		};
/* End XCBuildConfiguration section */

/* Begin XCConfigurationList section */
		31762FF61DE4B69300A58A77 /* Build configuration list for PBXProject "Deeno" */ = {
			isa = XCConfigurationList;
			buildConfigurations = (
				317630191DE4B69300A58A77 /* Debug */,
				3176301A1DE4B69300A58A77 /* Release */,
			);
			defaultConfigurationIsVisible = 0;
			defaultConfigurationName = Release;
		};
		3176301B1DE4B69300A58A77 /* Build configuration list for PBXNativeTarget "Deeno" */ = {
			isa = XCConfigurationList;
			buildConfigurations = (
				3176301C1DE4B69300A58A77 /* Debug */,
				3176301D1DE4B69300A58A77 /* Release */,
			);
			defaultConfigurationIsVisible = 0;
			defaultConfigurationName = Release;
		};
		3176301E1DE4B69300A58A77 /* Build configuration list for PBXNativeTarget "DeenoTests" */ = {
			isa = XCConfigurationList;
			buildConfigurations = (
				3176301F1DE4B69300A58A77 /* Debug */,
				317630201DE4B69300A58A77 /* Release */,
			);
			defaultConfigurationIsVisible = 0;
			defaultConfigurationName = Release;
		};
/* End XCConfigurationList section */
	};
	rootObject = 31762FF31DE4B69300A58A77 /* Project object */;
}
